// !$*UTF8*$!
{
	archiveVersion = 1;
	classes = {
	};
	objectVersion = 56;
	objects = {

/* Begin PBXBuildFile section */
		1640EAB7292D611E007A0650 /* ExpensesListViewModel.swift in Sources */ = {isa = PBXBuildFile; fileRef = 1640EAB6292D611E007A0650 /* ExpensesListViewModel.swift */; };
		1640EAB9292D612D007A0650 /* ExpensesListView.swift in Sources */ = {isa = PBXBuildFile; fileRef = 1640EAB8292D612D007A0650 /* ExpensesListView.swift */; };
		167A0AAE2A252EC2009AA0B6 /* DataModel.xcdatamodeld in Sources */ = {isa = PBXBuildFile; fileRef = 167A0AAC2A252EC2009AA0B6 /* DataModel.xcdatamodeld */; };
		167A0AB12A254460009AA0B6 /* View+Corners.swift in Sources */ = {isa = PBXBuildFile; fileRef = 167A0AB02A254460009AA0B6 /* View+Corners.swift */; };
		167A0AB32A25E5F8009AA0B6 /* StorageService.swift in Sources */ = {isa = PBXBuildFile; fileRef = 167A0AB22A25E5F8009AA0B6 /* StorageService.swift */; };
		167A0AB62A25F2A7009AA0B6 /* EmptyDataView.swift in Sources */ = {isa = PBXBuildFile; fileRef = 167A0AB52A25F2A7009AA0B6 /* EmptyDataView.swift */; };
		167A0AB82A273DDA009AA0B6 /* BaseDataModel.swift in Sources */ = {isa = PBXBuildFile; fileRef = 167A0AB72A273DDA009AA0B6 /* BaseDataModel.swift */; };
		167A0ABA2A273E74009AA0B6 /* StorageManager.swift in Sources */ = {isa = PBXBuildFile; fileRef = 167A0AB92A273E74009AA0B6 /* StorageManager.swift */; };
		167A0ABF2A274A84009AA0B6 /* ExpenseEntity+CoreDataClass.swift in Sources */ = {isa = PBXBuildFile; fileRef = 167A0ABB2A274A84009AA0B6 /* ExpenseEntity+CoreDataClass.swift */; };
		167A0AC02A274A84009AA0B6 /* ExpenseEntity+CoreDataProperties.swift in Sources */ = {isa = PBXBuildFile; fileRef = 167A0ABC2A274A84009AA0B6 /* ExpenseEntity+CoreDataProperties.swift */; };
		167A0AC12A274A84009AA0B6 /* IntervalEntity+CoreDataClass.swift in Sources */ = {isa = PBXBuildFile; fileRef = 167A0ABD2A274A84009AA0B6 /* IntervalEntity+CoreDataClass.swift */; };
		167A0AC22A274A84009AA0B6 /* IntervalEntity+CoreDataProperties.swift in Sources */ = {isa = PBXBuildFile; fileRef = 167A0ABE2A274A84009AA0B6 /* IntervalEntity+CoreDataProperties.swift */; };
		167A0AC72A277C6F009AA0B6 /* StorageMapper.swift in Sources */ = {isa = PBXBuildFile; fileRef = 167A0AC62A277C6F009AA0B6 /* StorageMapper.swift */; };
		167A0AC92A27CE00009AA0B6 /* EmptyDataViewModel.swift in Sources */ = {isa = PBXBuildFile; fileRef = 167A0AC82A27CE00009AA0B6 /* EmptyDataViewModel.swift */; };
		168BD7CA2A5C9EE600495D84 /* SummaryInfoView.swift in Sources */ = {isa = PBXBuildFile; fileRef = 168BD7C92A5C9EE600495D84 /* SummaryInfoView.swift */; };
		16A1B4B52A2877BD00DF1DF8 /* RouterView.swift in Sources */ = {isa = PBXBuildFile; fileRef = 16A1B4B42A2877BD00DF1DF8 /* RouterView.swift */; };
		16A1B4B72A287D0100DF1DF8 /* Router.swift in Sources */ = {isa = PBXBuildFile; fileRef = 16A1B4B62A287D0100DF1DF8 /* Router.swift */; };
		16A1B4B92A287EDE00DF1DF8 /* ExpensesListSceneAssembly.swift in Sources */ = {isa = PBXBuildFile; fileRef = 16A1B4B82A287EDE00DF1DF8 /* ExpensesListSceneAssembly.swift */; };
		16A1B4BB2A287FAB00DF1DF8 /* Scenes.swift in Sources */ = {isa = PBXBuildFile; fileRef = 16A1B4BA2A287FAB00DF1DF8 /* Scenes.swift */; };
		16A1B4BD2A29CED500DF1DF8 /* RouterAssembly.swift in Sources */ = {isa = PBXBuildFile; fileRef = 16A1B4BC2A29CED500DF1DF8 /* RouterAssembly.swift */; };
		16A1B4BF2A29D03200DF1DF8 /* RouterViewModel.swift in Sources */ = {isa = PBXBuildFile; fileRef = 16A1B4BE2A29D03200DF1DF8 /* RouterViewModel.swift */; };
		16A1B4C12A2CCDE900DF1DF8 /* EmptyDataSceneAssembly.swift in Sources */ = {isa = PBXBuildFile; fileRef = 16A1B4C02A2CCDE900DF1DF8 /* EmptyDataSceneAssembly.swift */; };
		16A1B4C42A2D144800DF1DF8 /* AddNewIntervalView.swift in Sources */ = {isa = PBXBuildFile; fileRef = 16A1B4C32A2D144800DF1DF8 /* AddNewIntervalView.swift */; };
		16A1B4C62A2D145700DF1DF8 /* AddNewIntervalViewModel.swift in Sources */ = {isa = PBXBuildFile; fileRef = 16A1B4C52A2D145700DF1DF8 /* AddNewIntervalViewModel.swift */; };
		16A1B4C82A2D146500DF1DF8 /* AddNewIntervalViewAssembly.swift in Sources */ = {isa = PBXBuildFile; fileRef = 16A1B4C72A2D146500DF1DF8 /* AddNewIntervalViewAssembly.swift */; };
		16A1B4CB2A2DD98D00DF1DF8 /* Expense.swift in Sources */ = {isa = PBXBuildFile; fileRef = 16A1B4CA2A2DD98D00DF1DF8 /* Expense.swift */; };
		16A1B4CD2A2DD99700DF1DF8 /* Interval.swift in Sources */ = {isa = PBXBuildFile; fileRef = 16A1B4CC2A2DD99700DF1DF8 /* Interval.swift */; };
		16AFA90D2A43343A00D9B8FF /* DateHelper in Frameworks */ = {isa = PBXBuildFile; productRef = 16AFA90C2A43343A00D9B8FF /* DateHelper */; };
		16BEFFAB2A44393A003FB113 /* DailyExpenses.swift in Sources */ = {isa = PBXBuildFile; fileRef = 16BEFFAA2A44393A003FB113 /* DailyExpenses.swift */; };
		16C7F9C92A4F0F5700ABC76C /* ExpensesTests.swift in Sources */ = {isa = PBXBuildFile; fileRef = 16C7F9C82A4F0F5700ABC76C /* ExpensesTests.swift */; };
		16C7F9D02A4F11EF00ABC76C /* KeyboardDelegateTests.swift in Sources */ = {isa = PBXBuildFile; fileRef = 16C7F9CF2A4F11EF00ABC76C /* KeyboardDelegateTests.swift */; };
		16C7F9D22A4F16D400ABC76C /* MockKeyboardDelegate.swift in Sources */ = {isa = PBXBuildFile; fileRef = 16C7F9D12A4F16D400ABC76C /* MockKeyboardDelegate.swift */; };
		16CE6CEA2A5429A800A3B041 /* ProgressView.swift in Sources */ = {isa = PBXBuildFile; fileRef = 16CE6CE92A5429A800A3B041 /* ProgressView.swift */; };
		16CE6CEC2A55A42400A3B041 /* Image+Assets.swift in Sources */ = {isa = PBXBuildFile; fileRef = 16CE6CEB2A55A42400A3B041 /* Image+Assets.swift */; };
		16F45BCD2A31DF9800AC5658 /* Color+CustomNames.swift in Sources */ = {isa = PBXBuildFile; fileRef = 16F45BCC2A31DF9800AC5658 /* Color+CustomNames.swift */; };
		16F45BD02A320A6A00AC5658 /* KeyboardView.swift in Sources */ = {isa = PBXBuildFile; fileRef = 16F45BCF2A320A6A00AC5658 /* KeyboardView.swift */; };
		16F45BD22A33466400AC5658 /* AppErrors.swift in Sources */ = {isa = PBXBuildFile; fileRef = 16F45BD12A33466400AC5658 /* AppErrors.swift */; };
		16F45BD42A35D94600AC5658 /* KeyboardDelegate.swift in Sources */ = {isa = PBXBuildFile; fileRef = 16F45BD32A35D94600AC5658 /* KeyboardDelegate.swift */; };
		16F45BD62A3B2F2500AC5658 /* KeyView.swift in Sources */ = {isa = PBXBuildFile; fileRef = 16F45BD52A3B2F2500AC5658 /* KeyView.swift */; };
		16F45BD82A3DD91A00AC5658 /* DurationInputView.swift in Sources */ = {isa = PBXBuildFile; fileRef = 16F45BD72A3DD91A00AC5658 /* DurationInputView.swift */; };
		16F4C061292A95D300BBDB18 /* ExpensesApp.swift in Sources */ = {isa = PBXBuildFile; fileRef = 16F4C060292A95D300BBDB18 /* ExpensesApp.swift */; };
		16F4C065292A95D300BBDB18 /* Assets.xcassets in Resources */ = {isa = PBXBuildFile; fileRef = 16F4C064292A95D300BBDB18 /* Assets.xcassets */; };
		16F4C068292A95D300BBDB18 /* Preview Assets.xcassets in Resources */ = {isa = PBXBuildFile; fileRef = 16F4C067292A95D300BBDB18 /* Preview Assets.xcassets */; };
/* End PBXBuildFile section */

/* Begin PBXContainerItemProxy section */
		16C7F9CA2A4F0F5700ABC76C /* PBXContainerItemProxy */ = {
			isa = PBXContainerItemProxy;
			containerPortal = 16F4C055292A95D200BBDB18 /* Project object */;
			proxyType = 1;
			remoteGlobalIDString = 16F4C05C292A95D200BBDB18;
			remoteInfo = Expenses;
		};
/* End PBXContainerItemProxy section */

/* Begin PBXFileReference section */
		1640EAB6292D611E007A0650 /* ExpensesListViewModel.swift */ = {isa = PBXFileReference; fileEncoding = 4; lastKnownFileType = sourcecode.swift; path = ExpensesListViewModel.swift; sourceTree = "<group>"; };
		1640EAB8292D612D007A0650 /* ExpensesListView.swift */ = {isa = PBXFileReference; fileEncoding = 4; lastKnownFileType = sourcecode.swift; path = ExpensesListView.swift; sourceTree = "<group>"; };
		167A0AAD2A252EC2009AA0B6 /* DataModel.xcdatamodel */ = {isa = PBXFileReference; lastKnownFileType = wrapper.xcdatamodel; path = DataModel.xcdatamodel; sourceTree = "<group>"; };
		167A0AB02A254460009AA0B6 /* View+Corners.swift */ = {isa = PBXFileReference; lastKnownFileType = sourcecode.swift; path = "View+Corners.swift"; sourceTree = "<group>"; };
		167A0AB22A25E5F8009AA0B6 /* StorageService.swift */ = {isa = PBXFileReference; lastKnownFileType = sourcecode.swift; path = StorageService.swift; sourceTree = "<group>"; };
		167A0AB52A25F2A7009AA0B6 /* EmptyDataView.swift */ = {isa = PBXFileReference; lastKnownFileType = sourcecode.swift; path = EmptyDataView.swift; sourceTree = "<group>"; };
		167A0AB72A273DDA009AA0B6 /* BaseDataModel.swift */ = {isa = PBXFileReference; lastKnownFileType = sourcecode.swift; path = BaseDataModel.swift; sourceTree = "<group>"; };
		167A0AB92A273E74009AA0B6 /* StorageManager.swift */ = {isa = PBXFileReference; lastKnownFileType = sourcecode.swift; path = StorageManager.swift; sourceTree = "<group>"; };
		167A0ABB2A274A84009AA0B6 /* ExpenseEntity+CoreDataClass.swift */ = {isa = PBXFileReference; lastKnownFileType = sourcecode.swift; path = "ExpenseEntity+CoreDataClass.swift"; sourceTree = "<group>"; };
		167A0ABC2A274A84009AA0B6 /* ExpenseEntity+CoreDataProperties.swift */ = {isa = PBXFileReference; lastKnownFileType = sourcecode.swift; path = "ExpenseEntity+CoreDataProperties.swift"; sourceTree = "<group>"; };
		167A0ABD2A274A84009AA0B6 /* IntervalEntity+CoreDataClass.swift */ = {isa = PBXFileReference; lastKnownFileType = sourcecode.swift; path = "IntervalEntity+CoreDataClass.swift"; sourceTree = "<group>"; };
		167A0ABE2A274A84009AA0B6 /* IntervalEntity+CoreDataProperties.swift */ = {isa = PBXFileReference; lastKnownFileType = sourcecode.swift; path = "IntervalEntity+CoreDataProperties.swift"; sourceTree = "<group>"; };
		167A0AC62A277C6F009AA0B6 /* StorageMapper.swift */ = {isa = PBXFileReference; lastKnownFileType = sourcecode.swift; path = StorageMapper.swift; sourceTree = "<group>"; };
		167A0AC82A27CE00009AA0B6 /* EmptyDataViewModel.swift */ = {isa = PBXFileReference; lastKnownFileType = sourcecode.swift; path = EmptyDataViewModel.swift; sourceTree = "<group>"; };
		168BD7C92A5C9EE600495D84 /* SummaryInfoView.swift */ = {isa = PBXFileReference; lastKnownFileType = sourcecode.swift; path = SummaryInfoView.swift; sourceTree = "<group>"; };
		16A1B4B42A2877BD00DF1DF8 /* RouterView.swift */ = {isa = PBXFileReference; lastKnownFileType = sourcecode.swift; path = RouterView.swift; sourceTree = "<group>"; };
		16A1B4B62A287D0100DF1DF8 /* Router.swift */ = {isa = PBXFileReference; lastKnownFileType = sourcecode.swift; path = Router.swift; sourceTree = "<group>"; };
		16A1B4B82A287EDE00DF1DF8 /* ExpensesListSceneAssembly.swift */ = {isa = PBXFileReference; lastKnownFileType = sourcecode.swift; path = ExpensesListSceneAssembly.swift; sourceTree = "<group>"; };
		16A1B4BA2A287FAB00DF1DF8 /* Scenes.swift */ = {isa = PBXFileReference; lastKnownFileType = sourcecode.swift; path = Scenes.swift; sourceTree = "<group>"; };
		16A1B4BC2A29CED500DF1DF8 /* RouterAssembly.swift */ = {isa = PBXFileReference; lastKnownFileType = sourcecode.swift; path = RouterAssembly.swift; sourceTree = "<group>"; };
		16A1B4BE2A29D03200DF1DF8 /* RouterViewModel.swift */ = {isa = PBXFileReference; lastKnownFileType = sourcecode.swift; path = RouterViewModel.swift; sourceTree = "<group>"; };
		16A1B4C02A2CCDE900DF1DF8 /* EmptyDataSceneAssembly.swift */ = {isa = PBXFileReference; lastKnownFileType = sourcecode.swift; path = EmptyDataSceneAssembly.swift; sourceTree = "<group>"; };
		16A1B4C32A2D144800DF1DF8 /* AddNewIntervalView.swift */ = {isa = PBXFileReference; lastKnownFileType = sourcecode.swift; path = AddNewIntervalView.swift; sourceTree = "<group>"; };
		16A1B4C52A2D145700DF1DF8 /* AddNewIntervalViewModel.swift */ = {isa = PBXFileReference; lastKnownFileType = sourcecode.swift; path = AddNewIntervalViewModel.swift; sourceTree = "<group>"; };
		16A1B4C72A2D146500DF1DF8 /* AddNewIntervalViewAssembly.swift */ = {isa = PBXFileReference; lastKnownFileType = sourcecode.swift; path = AddNewIntervalViewAssembly.swift; sourceTree = "<group>"; };
		16A1B4CA2A2DD98D00DF1DF8 /* Expense.swift */ = {isa = PBXFileReference; lastKnownFileType = sourcecode.swift; path = Expense.swift; sourceTree = "<group>"; };
		16A1B4CC2A2DD99700DF1DF8 /* Interval.swift */ = {isa = PBXFileReference; lastKnownFileType = sourcecode.swift; path = Interval.swift; sourceTree = "<group>"; };
		16BEFFAA2A44393A003FB113 /* DailyExpenses.swift */ = {isa = PBXFileReference; lastKnownFileType = sourcecode.swift; path = DailyExpenses.swift; sourceTree = "<group>"; };
		16C7F9C62A4F0F5700ABC76C /* ExpensesTests.xctest */ = {isa = PBXFileReference; explicitFileType = wrapper.cfbundle; includeInIndex = 0; path = ExpensesTests.xctest; sourceTree = BUILT_PRODUCTS_DIR; };
		16C7F9C82A4F0F5700ABC76C /* ExpensesTests.swift */ = {isa = PBXFileReference; lastKnownFileType = sourcecode.swift; path = ExpensesTests.swift; sourceTree = "<group>"; };
		16C7F9CF2A4F11EF00ABC76C /* KeyboardDelegateTests.swift */ = {isa = PBXFileReference; lastKnownFileType = sourcecode.swift; path = KeyboardDelegateTests.swift; sourceTree = "<group>"; };
		16C7F9D12A4F16D400ABC76C /* MockKeyboardDelegate.swift */ = {isa = PBXFileReference; lastKnownFileType = sourcecode.swift; path = MockKeyboardDelegate.swift; sourceTree = "<group>"; };
		16CE6CE82A4F74AA00A3B041 /* Expenses.xctestplan */ = {isa = PBXFileReference; lastKnownFileType = text; path = Expenses.xctestplan; sourceTree = "<group>"; };
		16CE6CE92A5429A800A3B041 /* ProgressView.swift */ = {isa = PBXFileReference; lastKnownFileType = sourcecode.swift; path = ProgressView.swift; sourceTree = "<group>"; };
		16CE6CEB2A55A42400A3B041 /* Image+Assets.swift */ = {isa = PBXFileReference; lastKnownFileType = sourcecode.swift; path = "Image+Assets.swift"; sourceTree = "<group>"; };
		16F45BCC2A31DF9800AC5658 /* Color+CustomNames.swift */ = {isa = PBXFileReference; lastKnownFileType = sourcecode.swift; path = "Color+CustomNames.swift"; sourceTree = "<group>"; };
		16F45BCF2A320A6A00AC5658 /* KeyboardView.swift */ = {isa = PBXFileReference; lastKnownFileType = sourcecode.swift; path = KeyboardView.swift; sourceTree = "<group>"; };
		16F45BD12A33466400AC5658 /* AppErrors.swift */ = {isa = PBXFileReference; lastKnownFileType = sourcecode.swift; path = AppErrors.swift; sourceTree = "<group>"; };
		16F45BD32A35D94600AC5658 /* KeyboardDelegate.swift */ = {isa = PBXFileReference; lastKnownFileType = sourcecode.swift; path = KeyboardDelegate.swift; sourceTree = "<group>"; };
		16F45BD52A3B2F2500AC5658 /* KeyView.swift */ = {isa = PBXFileReference; lastKnownFileType = sourcecode.swift; path = KeyView.swift; sourceTree = "<group>"; };
		16F45BD72A3DD91A00AC5658 /* DurationInputView.swift */ = {isa = PBXFileReference; lastKnownFileType = sourcecode.swift; path = DurationInputView.swift; sourceTree = "<group>"; };
		16F4C05D292A95D300BBDB18 /* Expenses.app */ = {isa = PBXFileReference; explicitFileType = wrapper.application; includeInIndex = 0; path = Expenses.app; sourceTree = BUILT_PRODUCTS_DIR; };
		16F4C060292A95D300BBDB18 /* ExpensesApp.swift */ = {isa = PBXFileReference; lastKnownFileType = sourcecode.swift; path = ExpensesApp.swift; sourceTree = "<group>"; };
		16F4C064292A95D300BBDB18 /* Assets.xcassets */ = {isa = PBXFileReference; lastKnownFileType = folder.assetcatalog; path = Assets.xcassets; sourceTree = "<group>"; };
		16F4C067292A95D300BBDB18 /* Preview Assets.xcassets */ = {isa = PBXFileReference; lastKnownFileType = folder.assetcatalog; path = "Preview Assets.xcassets"; sourceTree = "<group>"; };
/* End PBXFileReference section */

/* Begin PBXFrameworksBuildPhase section */
		16C7F9C32A4F0F5700ABC76C /* Frameworks */ = {
			isa = PBXFrameworksBuildPhase;
			buildActionMask = 2147483647;
			files = (
			);
			runOnlyForDeploymentPostprocessing = 0;
		};
		16F4C05A292A95D200BBDB18 /* Frameworks */ = {
			isa = PBXFrameworksBuildPhase;
			buildActionMask = 2147483647;
			files = (
				16AFA90D2A43343A00D9B8FF /* DateHelper in Frameworks */,
			);
			runOnlyForDeploymentPostprocessing = 0;
		};
/* End PBXFrameworksBuildPhase section */

/* Begin PBXGroup section */
		1640EABA292EB79A007A0650 /* ExpensesListScene */ = {
			isa = PBXGroup;
			children = (
				168BD7CB2A5CA37200495D84 /* Views */,
				1640EAB8292D612D007A0650 /* ExpensesListView.swift */,
				1640EAB6292D611E007A0650 /* ExpensesListViewModel.swift */,
				16A1B4B82A287EDE00DF1DF8 /* ExpensesListSceneAssembly.swift */,
			);
			path = ExpensesListScene;
			sourceTree = "<group>";
		};
		167A0AAB2A252E77009AA0B6 /* DataLayer */ = {
			isa = PBXGroup;
			children = (
				167A0AC32A274A9A009AA0B6 /* Entities */,
				167A0AAC2A252EC2009AA0B6 /* DataModel.xcdatamodeld */,
				167A0AB72A273DDA009AA0B6 /* BaseDataModel.swift */,
				167A0AB92A273E74009AA0B6 /* StorageManager.swift */,
				167A0AB22A25E5F8009AA0B6 /* StorageService.swift */,
				167A0AC62A277C6F009AA0B6 /* StorageMapper.swift */,
			);
			path = DataLayer;
			sourceTree = "<group>";
		};
		167A0AAF2A25443A009AA0B6 /* Extensions */ = {
			isa = PBXGroup;
			children = (
				167A0AB02A254460009AA0B6 /* View+Corners.swift */,
				16F45BCC2A31DF9800AC5658 /* Color+CustomNames.swift */,
				16CE6CEB2A55A42400A3B041 /* Image+Assets.swift */,
				16F45BD12A33466400AC5658 /* AppErrors.swift */,
			);
			path = Extensions;
			sourceTree = "<group>";
		};
		167A0AB42A25F27C009AA0B6 /* EmptyDataScene */ = {
			isa = PBXGroup;
			children = (
				167A0AB52A25F2A7009AA0B6 /* EmptyDataView.swift */,
				167A0AC82A27CE00009AA0B6 /* EmptyDataViewModel.swift */,
				16A1B4C02A2CCDE900DF1DF8 /* EmptyDataSceneAssembly.swift */,
			);
			path = EmptyDataScene;
			sourceTree = "<group>";
		};
		167A0AC32A274A9A009AA0B6 /* Entities */ = {
			isa = PBXGroup;
			children = (
				167A0ABB2A274A84009AA0B6 /* ExpenseEntity+CoreDataClass.swift */,
				167A0ABC2A274A84009AA0B6 /* ExpenseEntity+CoreDataProperties.swift */,
				167A0ABD2A274A84009AA0B6 /* IntervalEntity+CoreDataClass.swift */,
				167A0ABE2A274A84009AA0B6 /* IntervalEntity+CoreDataProperties.swift */,
			);
			path = Entities;
			sourceTree = "<group>";
		};
		167A0ACA2A27D050009AA0B6 /* AppCoordinator */ = {
			isa = PBXGroup;
			children = (
				16A1B4B42A2877BD00DF1DF8 /* RouterView.swift */,
				16A1B4BE2A29D03200DF1DF8 /* RouterViewModel.swift */,
				16A1B4BC2A29CED500DF1DF8 /* RouterAssembly.swift */,
				16A1B4B62A287D0100DF1DF8 /* Router.swift */,
				16A1B4BA2A287FAB00DF1DF8 /* Scenes.swift */,
			);
			path = AppCoordinator;
			sourceTree = "<group>";
		};
		168BD7CB2A5CA37200495D84 /* Views */ = {
			isa = PBXGroup;
			children = (
				168BD7C92A5C9EE600495D84 /* SummaryInfoView.swift */,
			);
			path = Views;
			sourceTree = "<group>";
		};
		16A1B4C22A2D13B100DF1DF8 /* AddNewIntervalScene */ = {
			isa = PBXGroup;
			children = (
				16A1B4C32A2D144800DF1DF8 /* AddNewIntervalView.swift */,
				16A1B4C52A2D145700DF1DF8 /* AddNewIntervalViewModel.swift */,
				16A1B4C72A2D146500DF1DF8 /* AddNewIntervalViewAssembly.swift */,
				16F45BD72A3DD91A00AC5658 /* DurationInputView.swift */,
			);
			path = AddNewIntervalScene;
			sourceTree = "<group>";
		};
		16A1B4C92A2DD96600DF1DF8 /* Models */ = {
			isa = PBXGroup;
			children = (
				16A1B4CA2A2DD98D00DF1DF8 /* Expense.swift */,
				16A1B4CC2A2DD99700DF1DF8 /* Interval.swift */,
				16BEFFAA2A44393A003FB113 /* DailyExpenses.swift */,
			);
			path = Models;
			sourceTree = "<group>";
		};
		16C7F9C72A4F0F5700ABC76C /* ExpensesTests */ = {
			isa = PBXGroup;
			children = (
				16C7F9C82A4F0F5700ABC76C /* ExpensesTests.swift */,
				16C7F9CF2A4F11EF00ABC76C /* KeyboardDelegateTests.swift */,
				16C7F9D12A4F16D400ABC76C /* MockKeyboardDelegate.swift */,
			);
			path = ExpensesTests;
			sourceTree = "<group>";
		};
		16F45BCE2A320A4D00AC5658 /* Views */ = {
			isa = PBXGroup;
			children = (
				16F45BCF2A320A6A00AC5658 /* KeyboardView.swift */,
				16F45BD32A35D94600AC5658 /* KeyboardDelegate.swift */,
				16F45BD52A3B2F2500AC5658 /* KeyView.swift */,
				16CE6CE92A5429A800A3B041 /* ProgressView.swift */,
			);
			path = Views;
			sourceTree = "<group>";
		};
		16F4C054292A95D200BBDB18 = {
			isa = PBXGroup;
			children = (
				16CE6CE82A4F74AA00A3B041 /* Expenses.xctestplan */,
				16F4C05F292A95D300BBDB18 /* Expenses */,
				16C7F9C72A4F0F5700ABC76C /* ExpensesTests */,
				16F4C05E292A95D300BBDB18 /* Products */,
			);
			sourceTree = "<group>";
		};
		16F4C05E292A95D300BBDB18 /* Products */ = {
			isa = PBXGroup;
			children = (
				16F4C05D292A95D300BBDB18 /* Expenses.app */,
				16C7F9C62A4F0F5700ABC76C /* ExpensesTests.xctest */,
			);
			name = Products;
			sourceTree = "<group>";
		};
		16F4C05F292A95D300BBDB18 /* Expenses */ = {
			isa = PBXGroup;
			children = (
				16F45BCE2A320A4D00AC5658 /* Views */,
				16A1B4C92A2DD96600DF1DF8 /* Models */,
				16F4C060292A95D300BBDB18 /* ExpensesApp.swift */,
				167A0ACA2A27D050009AA0B6 /* AppCoordinator */,
				167A0AAF2A25443A009AA0B6 /* Extensions */,
				167A0AAB2A252E77009AA0B6 /* DataLayer */,
				16A1B4C22A2D13B100DF1DF8 /* AddNewIntervalScene */,
				1640EABA292EB79A007A0650 /* ExpensesListScene */,
				167A0AB42A25F27C009AA0B6 /* EmptyDataScene */,
				16F4C064292A95D300BBDB18 /* Assets.xcassets */,
				16F4C066292A95D300BBDB18 /* Preview Content */,
			);
			path = Expenses;
			sourceTree = "<group>";
		};
		16F4C066292A95D300BBDB18 /* Preview Content */ = {
			isa = PBXGroup;
			children = (
				16F4C067292A95D300BBDB18 /* Preview Assets.xcassets */,
			);
			path = "Preview Content";
			sourceTree = "<group>";
		};
/* End PBXGroup section */

/* Begin PBXNativeTarget section */
		16C7F9C52A4F0F5700ABC76C /* ExpensesTests */ = {
			isa = PBXNativeTarget;
			buildConfigurationList = 16C7F9CE2A4F0F5700ABC76C /* Build configuration list for PBXNativeTarget "ExpensesTests" */;
			buildPhases = (
				16C7F9C22A4F0F5700ABC76C /* Sources */,
				16C7F9C32A4F0F5700ABC76C /* Frameworks */,
				16C7F9C42A4F0F5700ABC76C /* Resources */,
			);
			buildRules = (
			);
			dependencies = (
				16C7F9CB2A4F0F5700ABC76C /* PBXTargetDependency */,
			);
			name = ExpensesTests;
			productName = ExpensesTests;
			productReference = 16C7F9C62A4F0F5700ABC76C /* ExpensesTests.xctest */;
			productType = "com.apple.product-type.bundle.unit-test";
		};
		16F4C05C292A95D200BBDB18 /* Expenses */ = {
			isa = PBXNativeTarget;
			buildConfigurationList = 16F4C06B292A95D300BBDB18 /* Build configuration list for PBXNativeTarget "Expenses" */;
			buildPhases = (
				16F4C059292A95D200BBDB18 /* Sources */,
				16F4C05A292A95D200BBDB18 /* Frameworks */,
				16F4C05B292A95D200BBDB18 /* Resources */,
			);
			buildRules = (
			);
			dependencies = (
			);
			name = Expenses;
			packageProductDependencies = (
				16AFA90C2A43343A00D9B8FF /* DateHelper */,
			);
			productName = Expenses;
			productReference = 16F4C05D292A95D300BBDB18 /* Expenses.app */;
			productType = "com.apple.product-type.application";
		};
/* End PBXNativeTarget section */

/* Begin PBXProject section */
		16F4C055292A95D200BBDB18 /* Project object */ = {
			isa = PBXProject;
			attributes = {
				BuildIndependentTargetsInParallel = 1;
				LastSwiftUpdateCheck = 1500;
				LastUpgradeCheck = 1410;
				TargetAttributes = {
					16C7F9C52A4F0F5700ABC76C = {
						CreatedOnToolsVersion = 15.0;
						TestTargetID = 16F4C05C292A95D200BBDB18;
					};
					16F4C05C292A95D200BBDB18 = {
						CreatedOnToolsVersion = 14.1;
					};
				};
			};
			buildConfigurationList = 16F4C058292A95D200BBDB18 /* Build configuration list for PBXProject "Expenses" */;
			compatibilityVersion = "Xcode 14.0";
			developmentRegion = en;
			hasScannedForEncodings = 0;
			knownRegions = (
				en,
				Base,
			);
			mainGroup = 16F4C054292A95D200BBDB18;
			packageReferences = (
				16AFA90B2A43343A00D9B8FF /* XCRemoteSwiftPackageReference "DateHelper" */,
			);
			productRefGroup = 16F4C05E292A95D300BBDB18 /* Products */;
			projectDirPath = "";
			projectRoot = "";
			targets = (
				16F4C05C292A95D200BBDB18 /* Expenses */,
				16C7F9C52A4F0F5700ABC76C /* ExpensesTests */,
			);
		};
/* End PBXProject section */

/* Begin PBXResourcesBuildPhase section */
		16C7F9C42A4F0F5700ABC76C /* Resources */ = {
			isa = PBXResourcesBuildPhase;
			buildActionMask = 2147483647;
			files = (
			);
			runOnlyForDeploymentPostprocessing = 0;
		};
		16F4C05B292A95D200BBDB18 /* Resources */ = {
			isa = PBXResourcesBuildPhase;
			buildActionMask = 2147483647;
			files = (
				16F4C068292A95D300BBDB18 /* Preview Assets.xcassets in Resources */,
				16F4C065292A95D300BBDB18 /* Assets.xcassets in Resources */,
			);
			runOnlyForDeploymentPostprocessing = 0;
		};
/* End PBXResourcesBuildPhase section */

/* Begin PBXSourcesBuildPhase section */
		16C7F9C22A4F0F5700ABC76C /* Sources */ = {
			isa = PBXSourcesBuildPhase;
			buildActionMask = 2147483647;
			files = (
				16C7F9C92A4F0F5700ABC76C /* ExpensesTests.swift in Sources */,
				16C7F9D02A4F11EF00ABC76C /* KeyboardDelegateTests.swift in Sources */,
				16C7F9D22A4F16D400ABC76C /* MockKeyboardDelegate.swift in Sources */,
			);
			runOnlyForDeploymentPostprocessing = 0;
		};
		16F4C059292A95D200BBDB18 /* Sources */ = {
			isa = PBXSourcesBuildPhase;
			buildActionMask = 2147483647;
			files = (
				16F45BD42A35D94600AC5658 /* KeyboardDelegate.swift in Sources */,
				167A0AC02A274A84009AA0B6 /* ExpenseEntity+CoreDataProperties.swift in Sources */,
				16A1B4B72A287D0100DF1DF8 /* Router.swift in Sources */,
				16F45BD82A3DD91A00AC5658 /* DurationInputView.swift in Sources */,
				16BEFFAB2A44393A003FB113 /* DailyExpenses.swift in Sources */,
				167A0ABF2A274A84009AA0B6 /* ExpenseEntity+CoreDataClass.swift in Sources */,
				167A0AB12A254460009AA0B6 /* View+Corners.swift in Sources */,
				16A1B4C12A2CCDE900DF1DF8 /* EmptyDataSceneAssembly.swift in Sources */,
				167A0AB62A25F2A7009AA0B6 /* EmptyDataView.swift in Sources */,
				1640EAB7292D611E007A0650 /* ExpensesListViewModel.swift in Sources */,
				16A1B4BF2A29D03200DF1DF8 /* RouterViewModel.swift in Sources */,
				16A1B4C82A2D146500DF1DF8 /* AddNewIntervalViewAssembly.swift in Sources */,
				167A0AB82A273DDA009AA0B6 /* BaseDataModel.swift in Sources */,
				167A0AAE2A252EC2009AA0B6 /* DataModel.xcdatamodeld in Sources */,
				16F45BD62A3B2F2500AC5658 /* KeyView.swift in Sources */,
				16A1B4BD2A29CED500DF1DF8 /* RouterAssembly.swift in Sources */,
				168BD7CA2A5C9EE600495D84 /* SummaryInfoView.swift in Sources */,
				16F45BD22A33466400AC5658 /* AppErrors.swift in Sources */,
				167A0AC92A27CE00009AA0B6 /* EmptyDataViewModel.swift in Sources */,
				16A1B4C62A2D145700DF1DF8 /* AddNewIntervalViewModel.swift in Sources */,
				16A1B4CD2A2DD99700DF1DF8 /* Interval.swift in Sources */,
				16A1B4BB2A287FAB00DF1DF8 /* Scenes.swift in Sources */,
				16F4C061292A95D300BBDB18 /* ExpensesApp.swift in Sources */,
				167A0AC12A274A84009AA0B6 /* IntervalEntity+CoreDataClass.swift in Sources */,
				16A1B4B52A2877BD00DF1DF8 /* RouterView.swift in Sources */,
				16F45BCD2A31DF9800AC5658 /* Color+CustomNames.swift in Sources */,
				16A1B4B92A287EDE00DF1DF8 /* ExpensesListSceneAssembly.swift in Sources */,
				167A0AC72A277C6F009AA0B6 /* StorageMapper.swift in Sources */,
				16A1B4C42A2D144800DF1DF8 /* AddNewIntervalView.swift in Sources */,
				167A0ABA2A273E74009AA0B6 /* StorageManager.swift in Sources */,
				1640EAB9292D612D007A0650 /* ExpensesListView.swift in Sources */,
				167A0AB32A25E5F8009AA0B6 /* StorageService.swift in Sources */,
				16A1B4CB2A2DD98D00DF1DF8 /* Expense.swift in Sources */,
				16CE6CEA2A5429A800A3B041 /* ProgressView.swift in Sources */,
				16F45BD02A320A6A00AC5658 /* KeyboardView.swift in Sources */,
				16CE6CEC2A55A42400A3B041 /* Image+Assets.swift in Sources */,
				167A0AC22A274A84009AA0B6 /* IntervalEntity+CoreDataProperties.swift in Sources */,
			);
			runOnlyForDeploymentPostprocessing = 0;
		};
/* End PBXSourcesBuildPhase section */

/* Begin PBXTargetDependency section */
		16C7F9CB2A4F0F5700ABC76C /* PBXTargetDependency */ = {
			isa = PBXTargetDependency;
			target = 16F4C05C292A95D200BBDB18 /* Expenses */;
			targetProxy = 16C7F9CA2A4F0F5700ABC76C /* PBXContainerItemProxy */;
		};
/* End PBXTargetDependency section */

/* Begin XCBuildConfiguration section */
		16C7F9CC2A4F0F5700ABC76C /* Debug */ = {
			isa = XCBuildConfiguration;
			buildSettings = {
				ASSETCATALOG_COMPILER_GENERATE_SWIFT_ASSET_SYMBOL_EXTENSIONS = YES;
				BUNDLE_LOADER = "$(TEST_HOST)";
				CODE_SIGN_STYLE = Automatic;
				CURRENT_PROJECT_VERSION = 1;
				DEVELOPMENT_TEAM = 43CRT824P5;
				ENABLE_USER_SCRIPT_SANDBOXING = YES;
				GCC_C_LANGUAGE_STANDARD = gnu17;
				GENERATE_INFOPLIST_FILE = YES;
				IPHONEOS_DEPLOYMENT_TARGET = 16.6;
				LOCALIZATION_PREFERS_STRING_CATALOGS = YES;
				MARKETING_VERSION = 1.0;
				PRODUCT_BUNDLE_IDENTIFIER = com.rockyTurtle.ExpensesTests;
				PRODUCT_NAME = "$(TARGET_NAME)";
				SUPPORTED_PLATFORMS = "iphoneos iphonesimulator";
				SUPPORTS_MACCATALYST = NO;
				SUPPORTS_MAC_DESIGNED_FOR_IPHONE_IPAD = NO;
				SUPPORTS_XR_DESIGNED_FOR_IPHONE_IPAD = NO;
				SWIFT_ACTIVE_COMPILATION_CONDITIONS = "DEBUG $(inherited)";
				SWIFT_EMIT_LOC_STRINGS = NO;
				SWIFT_VERSION = 5.0;
				TARGETED_DEVICE_FAMILY = 1;
				TEST_HOST = "$(BUILT_PRODUCTS_DIR)/Expenses.app/$(BUNDLE_EXECUTABLE_FOLDER_PATH)/Expenses";
			};
			name = Debug;
		};
		16C7F9CD2A4F0F5700ABC76C /* Release */ = {
			isa = XCBuildConfiguration;
			buildSettings = {
				ASSETCATALOG_COMPILER_GENERATE_SWIFT_ASSET_SYMBOL_EXTENSIONS = YES;
				BUNDLE_LOADER = "$(TEST_HOST)";
				CODE_SIGN_STYLE = Automatic;
				CURRENT_PROJECT_VERSION = 1;
				DEVELOPMENT_TEAM = 43CRT824P5;
				ENABLE_USER_SCRIPT_SANDBOXING = YES;
				GCC_C_LANGUAGE_STANDARD = gnu17;
				GENERATE_INFOPLIST_FILE = YES;
				IPHONEOS_DEPLOYMENT_TARGET = 16.6;
				LOCALIZATION_PREFERS_STRING_CATALOGS = YES;
				MARKETING_VERSION = 1.0;
				PRODUCT_BUNDLE_IDENTIFIER = com.rockyTurtle.ExpensesTests;
				PRODUCT_NAME = "$(TARGET_NAME)";
				SUPPORTED_PLATFORMS = "iphoneos iphonesimulator";
				SUPPORTS_MACCATALYST = NO;
				SUPPORTS_MAC_DESIGNED_FOR_IPHONE_IPAD = NO;
				SUPPORTS_XR_DESIGNED_FOR_IPHONE_IPAD = NO;
				SWIFT_EMIT_LOC_STRINGS = NO;
				SWIFT_VERSION = 5.0;
				TARGETED_DEVICE_FAMILY = 1;
				TEST_HOST = "$(BUILT_PRODUCTS_DIR)/Expenses.app/$(BUNDLE_EXECUTABLE_FOLDER_PATH)/Expenses";
			};
			name = Release;
		};
		16F4C069292A95D300BBDB18 /* Debug */ = {
			isa = XCBuildConfiguration;
			buildSettings = {
				ALWAYS_SEARCH_USER_PATHS = NO;
				CLANG_ANALYZER_NONNULL = YES;
				CLANG_ANALYZER_NUMBER_OBJECT_CONVERSION = YES_AGGRESSIVE;
				CLANG_CXX_LANGUAGE_STANDARD = "gnu++20";
				CLANG_ENABLE_MODULES = YES;
				CLANG_ENABLE_OBJC_ARC = YES;
				CLANG_ENABLE_OBJC_WEAK = YES;
				CLANG_WARN_BLOCK_CAPTURE_AUTORELEASING = YES;
				CLANG_WARN_BOOL_CONVERSION = YES;
				CLANG_WARN_COMMA = YES;
				CLANG_WARN_CONSTANT_CONVERSION = YES;
				CLANG_WARN_DEPRECATED_OBJC_IMPLEMENTATIONS = YES;
				CLANG_WARN_DIRECT_OBJC_ISA_USAGE = YES_ERROR;
				CLANG_WARN_DOCUMENTATION_COMMENTS = YES;
				CLANG_WARN_EMPTY_BODY = YES;
				CLANG_WARN_ENUM_CONVERSION = YES;
				CLANG_WARN_INFINITE_RECURSION = YES;
				CLANG_WARN_INT_CONVERSION = YES;
				CLANG_WARN_NON_LITERAL_NULL_CONVERSION = YES;
				CLANG_WARN_OBJC_IMPLICIT_RETAIN_SELF = YES;
				CLANG_WARN_OBJC_LITERAL_CONVERSION = YES;
				CLANG_WARN_OBJC_ROOT_CLASS = YES_ERROR;
				CLANG_WARN_QUOTED_INCLUDE_IN_FRAMEWORK_HEADER = YES;
				CLANG_WARN_RANGE_LOOP_ANALYSIS = YES;
				CLANG_WARN_STRICT_PROTOTYPES = YES;
				CLANG_WARN_SUSPICIOUS_MOVE = YES;
				CLANG_WARN_UNGUARDED_AVAILABILITY = YES_AGGRESSIVE;
				CLANG_WARN_UNREACHABLE_CODE = YES;
				CLANG_WARN__DUPLICATE_METHOD_MATCH = YES;
				COPY_PHASE_STRIP = NO;
				DEBUG_INFORMATION_FORMAT = dwarf;
				ENABLE_STRICT_OBJC_MSGSEND = YES;
				ENABLE_TESTABILITY = YES;
				GCC_C_LANGUAGE_STANDARD = gnu11;
				GCC_DYNAMIC_NO_PIC = NO;
				GCC_NO_COMMON_BLOCKS = YES;
				GCC_OPTIMIZATION_LEVEL = 0;
				GCC_PREPROCESSOR_DEFINITIONS = (
					"DEBUG=1",
					"$(inherited)",
				);
				GCC_WARN_64_TO_32_BIT_CONVERSION = YES;
				GCC_WARN_ABOUT_RETURN_TYPE = YES_ERROR;
				GCC_WARN_UNDECLARED_SELECTOR = YES;
				GCC_WARN_UNINITIALIZED_AUTOS = YES_AGGRESSIVE;
				GCC_WARN_UNUSED_FUNCTION = YES;
				GCC_WARN_UNUSED_VARIABLE = YES;
				IPHONEOS_DEPLOYMENT_TARGET = 16.1;
				MTL_ENABLE_DEBUG_INFO = INCLUDE_SOURCE;
				MTL_FAST_MATH = YES;
				ONLY_ACTIVE_ARCH = YES;
				SDKROOT = iphoneos;
				SWIFT_ACTIVE_COMPILATION_CONDITIONS = DEBUG;
				SWIFT_OPTIMIZATION_LEVEL = "-Onone";
			};
			name = Debug;
		};
		16F4C06A292A95D300BBDB18 /* Release */ = {
			isa = XCBuildConfiguration;
			buildSettings = {
				ALWAYS_SEARCH_USER_PATHS = NO;
				CLANG_ANALYZER_NONNULL = YES;
				CLANG_ANALYZER_NUMBER_OBJECT_CONVERSION = YES_AGGRESSIVE;
				CLANG_CXX_LANGUAGE_STANDARD = "gnu++20";
				CLANG_ENABLE_MODULES = YES;
				CLANG_ENABLE_OBJC_ARC = YES;
				CLANG_ENABLE_OBJC_WEAK = YES;
				CLANG_WARN_BLOCK_CAPTURE_AUTORELEASING = YES;
				CLANG_WARN_BOOL_CONVERSION = YES;
				CLANG_WARN_COMMA = YES;
				CLANG_WARN_CONSTANT_CONVERSION = YES;
				CLANG_WARN_DEPRECATED_OBJC_IMPLEMENTATIONS = YES;
				CLANG_WARN_DIRECT_OBJC_ISA_USAGE = YES_ERROR;
				CLANG_WARN_DOCUMENTATION_COMMENTS = YES;
				CLANG_WARN_EMPTY_BODY = YES;
				CLANG_WARN_ENUM_CONVERSION = YES;
				CLANG_WARN_INFINITE_RECURSION = YES;
				CLANG_WARN_INT_CONVERSION = YES;
				CLANG_WARN_NON_LITERAL_NULL_CONVERSION = YES;
				CLANG_WARN_OBJC_IMPLICIT_RETAIN_SELF = YES;
				CLANG_WARN_OBJC_LITERAL_CONVERSION = YES;
				CLANG_WARN_OBJC_ROOT_CLASS = YES_ERROR;
				CLANG_WARN_QUOTED_INCLUDE_IN_FRAMEWORK_HEADER = YES;
				CLANG_WARN_RANGE_LOOP_ANALYSIS = YES;
				CLANG_WARN_STRICT_PROTOTYPES = YES;
				CLANG_WARN_SUSPICIOUS_MOVE = YES;
				CLANG_WARN_UNGUARDED_AVAILABILITY = YES_AGGRESSIVE;
				CLANG_WARN_UNREACHABLE_CODE = YES;
				CLANG_WARN__DUPLICATE_METHOD_MATCH = YES;
				COPY_PHASE_STRIP = NO;
				DEBUG_INFORMATION_FORMAT = "dwarf-with-dsym";
				ENABLE_NS_ASSERTIONS = NO;
				ENABLE_STRICT_OBJC_MSGSEND = YES;
				GCC_C_LANGUAGE_STANDARD = gnu11;
				GCC_NO_COMMON_BLOCKS = YES;
				GCC_WARN_64_TO_32_BIT_CONVERSION = YES;
				GCC_WARN_ABOUT_RETURN_TYPE = YES_ERROR;
				GCC_WARN_UNDECLARED_SELECTOR = YES;
				GCC_WARN_UNINITIALIZED_AUTOS = YES_AGGRESSIVE;
				GCC_WARN_UNUSED_FUNCTION = YES;
				GCC_WARN_UNUSED_VARIABLE = YES;
				IPHONEOS_DEPLOYMENT_TARGET = 16.1;
				MTL_ENABLE_DEBUG_INFO = NO;
				MTL_FAST_MATH = YES;
				SDKROOT = iphoneos;
				SWIFT_COMPILATION_MODE = wholemodule;
				SWIFT_OPTIMIZATION_LEVEL = "-O";
				VALIDATE_PRODUCT = YES;
			};
			name = Release;
		};
		16F4C06C292A95D300BBDB18 /* Debug */ = {
			isa = XCBuildConfiguration;
			buildSettings = {
				ASSETCATALOG_COMPILER_APPICON_NAME = AppIcon;
				ASSETCATALOG_COMPILER_GLOBAL_ACCENT_COLOR_NAME = AccentColor;
				CODE_SIGN_STYLE = Automatic;
				CURRENT_PROJECT_VERSION = 1;
				DEVELOPMENT_ASSET_PATHS = "\"Expenses/Preview Content\"";
				DEVELOPMENT_TEAM = 43CRT824P5;
				ENABLE_PREVIEWS = YES;
				GENERATE_INFOPLIST_FILE = YES;
				INFOPLIST_KEY_LSApplicationCategoryType = "public.app-category.lifestyle";
				INFOPLIST_KEY_UIApplicationSceneManifest_Generation = YES;
				INFOPLIST_KEY_UIApplicationSupportsIndirectInputEvents = YES;
				INFOPLIST_KEY_UILaunchScreen_Generation = YES;
				INFOPLIST_KEY_UISupportedInterfaceOrientations = UIInterfaceOrientationPortrait;
				INFOPLIST_KEY_UISupportedInterfaceOrientations_iPad = "UIInterfaceOrientationLandscapeLeft UIInterfaceOrientationLandscapeRight UIInterfaceOrientationPortrait UIInterfaceOrientationPortraitUpsideDown";
				IPHONEOS_DEPLOYMENT_TARGET = 16.6;
				LD_RUNPATH_SEARCH_PATHS = (
					"$(inherited)",
					"@executable_path/Frameworks",
				);
				MARKETING_VERSION = 1.0;
				PRODUCT_BUNDLE_IDENTIFIER = com.rockyturtle.Expenses;
				PRODUCT_NAME = "$(TARGET_NAME)";
				SUPPORTED_PLATFORMS = "iphoneos iphonesimulator";
				SUPPORTS_MACCATALYST = NO;
				SUPPORTS_MAC_DESIGNED_FOR_IPHONE_IPAD = NO;
				SUPPORTS_XR_DESIGNED_FOR_IPHONE_IPAD = NO;
				SWIFT_EMIT_LOC_STRINGS = YES;
				SWIFT_VERSION = 5.0;
				TARGETED_DEVICE_FAMILY = 1;
			};
			name = Debug;
		};
		16F4C06D292A95D300BBDB18 /* Release */ = {
			isa = XCBuildConfiguration;
			buildSettings = {
				ASSETCATALOG_COMPILER_APPICON_NAME = AppIcon;
				ASSETCATALOG_COMPILER_GLOBAL_ACCENT_COLOR_NAME = AccentColor;
				CODE_SIGN_STYLE = Automatic;
				CURRENT_PROJECT_VERSION = 1;
				DEVELOPMENT_ASSET_PATHS = "\"Expenses/Preview Content\"";
				DEVELOPMENT_TEAM = 43CRT824P5;
				ENABLE_PREVIEWS = YES;
				GENERATE_INFOPLIST_FILE = YES;
				INFOPLIST_KEY_LSApplicationCategoryType = "public.app-category.lifestyle";
				INFOPLIST_KEY_UIApplicationSceneManifest_Generation = YES;
				INFOPLIST_KEY_UIApplicationSupportsIndirectInputEvents = YES;
				INFOPLIST_KEY_UILaunchScreen_Generation = YES;
				INFOPLIST_KEY_UISupportedInterfaceOrientations = UIInterfaceOrientationPortrait;
				INFOPLIST_KEY_UISupportedInterfaceOrientations_iPad = "UIInterfaceOrientationLandscapeLeft UIInterfaceOrientationLandscapeRight UIInterfaceOrientationPortrait UIInterfaceOrientationPortraitUpsideDown";
				IPHONEOS_DEPLOYMENT_TARGET = 16.6;
				LD_RUNPATH_SEARCH_PATHS = (
					"$(inherited)",
					"@executable_path/Frameworks",
				);
				MARKETING_VERSION = 1.0;
				PRODUCT_BUNDLE_IDENTIFIER = com.rockyturtle.Expenses;
				PRODUCT_NAME = "$(TARGET_NAME)";
				SUPPORTED_PLATFORMS = "iphoneos iphonesimulator";
				SUPPORTS_MACCATALYST = NO;
				SUPPORTS_MAC_DESIGNED_FOR_IPHONE_IPAD = NO;
				SUPPORTS_XR_DESIGNED_FOR_IPHONE_IPAD = NO;
				SWIFT_EMIT_LOC_STRINGS = YES;
				SWIFT_VERSION = 5.0;
				TARGETED_DEVICE_FAMILY = 1;
			};
			name = Release;
		};
/* End XCBuildConfiguration section */

/* Begin XCConfigurationList section */
		16C7F9CE2A4F0F5700ABC76C /* Build configuration list for PBXNativeTarget "ExpensesTests" */ = {
			isa = XCConfigurationList;
			buildConfigurations = (
				16C7F9CC2A4F0F5700ABC76C /* Debug */,
				16C7F9CD2A4F0F5700ABC76C /* Release */,
			);
			defaultConfigurationIsVisible = 0;
			defaultConfigurationName = Release;
		};
		16F4C058292A95D200BBDB18 /* Build configuration list for PBXProject "Expenses" */ = {
			isa = XCConfigurationList;
			buildConfigurations = (
				16F4C069292A95D300BBDB18 /* Debug */,
				16F4C06A292A95D300BBDB18 /* Release */,
			);
			defaultConfigurationIsVisible = 0;
			defaultConfigurationName = Release;
		};
		16F4C06B292A95D300BBDB18 /* Build configuration list for PBXNativeTarget "Expenses" */ = {
			isa = XCConfigurationList;
			buildConfigurations = (
				16F4C06C292A95D300BBDB18 /* Debug */,
				16F4C06D292A95D300BBDB18 /* Release */,
			);
			defaultConfigurationIsVisible = 0;
			defaultConfigurationName = Release;
		};
/* End XCConfigurationList section */

/* Begin XCRemoteSwiftPackageReference section */
		16AFA90B2A43343A00D9B8FF /* XCRemoteSwiftPackageReference "DateHelper" */ = {
			isa = XCRemoteSwiftPackageReference;
			repositoryURL = "https://github.com/melvitax/DateHelper.git";
			requirement = {
				kind = upToNextMajorVersion;
				minimumVersion = 5.0.1;
			};
		};
/* End XCRemoteSwiftPackageReference section */

/* Begin XCSwiftPackageProductDependency section */
		16AFA90C2A43343A00D9B8FF /* DateHelper */ = {
			isa = XCSwiftPackageProductDependency;
			package = 16AFA90B2A43343A00D9B8FF /* XCRemoteSwiftPackageReference "DateHelper" */;
			productName = DateHelper;
		};
/* End XCSwiftPackageProductDependency section */

/* Begin XCVersionGroup section */
		167A0AAC2A252EC2009AA0B6 /* DataModel.xcdatamodeld */ = {
			isa = XCVersionGroup;
			children = (
				167A0AAD2A252EC2009AA0B6 /* DataModel.xcdatamodel */,
			);
			currentVersion = 167A0AAD2A252EC2009AA0B6 /* DataModel.xcdatamodel */;
			path = DataModel.xcdatamodeld;
			sourceTree = "<group>";
			versionGroupType = wrapper.xcdatamodel;
		};
/* End XCVersionGroup section */
	};
	rootObject = 16F4C055292A95D200BBDB18 /* Project object */;
}
